{
  "name": "@wsdot/arcgis-js-draw-ui",
  "version": "1.1.0",
  "lockfileVersion": 1,
  "requires": true,
  "dependencies": {
    "@types/arcgis-js-api": {
      "version": "3.23.0",
      "resolved": "https://registry.npmjs.org/@types/arcgis-js-api/-/arcgis-js-api-3.23.0.tgz",
      "integrity": "sha512-m+elCoVYXOkbeXQKaK4hwbSbkNpJ9SyReL7ITbRK7+kgKX+yx5xVtKmnLaX0+pl1BP3xOB2avcmHLygroC1UvA==",
      "dev": true
    },
    "@types/dojo": {
      "version": "1.9.40",
      "resolved": "https://registry.npmjs.org/@types/dojo/-/dojo-1.9.40.tgz",
      "integrity": "sha512-FbU4UeyeVHzJS2gih3+dZU4kiWl1yVNsHzeCVZ7d4rPpgw/K7TQUUJ0kqNx8YBLXHRXuxvLLUDP/Y43Bh6txwQ==",
      "dev": true
    }
  }
}
